github.com/brianvoe/gofakeit/v7 v7.3.0 h1:TWStf7/lLpAjKw+bqwzeORo9jvrxToWEwp9b1J2vApQ=
github.com/brianvoe/gofakeit/v7 v7.3.0/go.mod h1:QXuPeBw164PJCzCUZVmgpgHJ3Llj49jSLVkKPMtxtxA=
github.com/orange-cloudavenue/common-go/internal/regex v0.0.0-20250709092820-8b0454f8cf98 h1:OcK5SmCCU7ivgp++xpPrOXialsho8z3Qvq3dSe3Sj2Y=
github.com/orange-cloudavenue/common-go/internal/regex v0.0.0-20250709092820-8b0454f8cf98/go.mod h1:T7OxerHaO1q+P6ue/Ka93aoUQK8syveiYhfZaJBMfP0=
github.com/orange-cloudavenue/common-go/internal/regex v0.0.0-20250718073934-40f61889caee h1:CTT+lzAF1Z8wvD/97rtLog9s3dlop9IeTtXXnlY0tRc=
github.com/orange-cloudavenue/common-go/internal/regex v0.0.0-20250718073934-40f61889caee/go.mod h1:T7OxerHaO1q+P6ue/Ka93aoUQK8syveiYhfZaJBMfP0=
github.com/orange-cloudavenue/common-go/urn v1.0.1 h1:C71jGGCJYxbM9N65eoLBRxpGj3Uldt31pjstGyPlFII=
github.com/orange-cloudavenue/common-go/urn v1.0.1/go.mod h1:yXpk5u8KLhpCxmR6uugaKZB/YgsrGg08TZ5XQdybHKs=
