github.com/orange-cloudavenue/common-go/internal/regex v0.0.0-20250708123440-64d482b7b183 h1:5r1SUwJzZdF5R0m47UZ7mggoIE1O52p+kCjPAMhpNdo=
github.com/orange-cloudavenue/common-go/internal/regex v0.0.0-20250708123440-64d482b7b183/go.mod h1:T7OxerHaO1q+P6ue/Ka93aoUQK8syveiYhfZaJBMfP0=
github.com/orange-cloudavenue/common-go/internal/regex v0.0.0-20250812201424-07c3423160b3 h1:LvDc/VwHDkB9IfEdYf6y1m7GMnwV2bTw/P4BkO+wxY8=
github.com/orange-cloudavenue/common-go/internal/regex v0.0.0-20250812201424-07c3423160b3/go.mod h1:T7OxerHaO1q+P6ue/Ka93aoUQK8syveiYhfZaJBMfP0=
